<?xml version="1.0" encoding="utf-8"?>
<Project ToolsVersion="4.0" xmlns="http://schemas.microsoft.com/developer/msbuild/2003">
  <ItemGroup>
    <Filter Include="Source Files">
      <UniqueIdentifier>{4FC737F1-C7A5-4376-A066-2A32D752A2FF}</UniqueIdentifier>
      <Extensions>cpp;c;cc;cxx;c++;cppm;ixx;def;odl;idl;hpj;bat;asm;asmx</Extensions>
    </Filter>
    <Filter Include="Header Files">
      <UniqueIdentifier>{93995380-89BD-4b04-88EB-625FBE52EBFB}</UniqueIdentifier>
      <Extensions>h;hh;hpp;hxx;h++;hm;inl;inc;ipp;xsd</Extensions>
    </Filter>
    <Filter Include="SDK">
      <UniqueIdentifier>{99829043-d950-406f-ade3-02fd859e2b7b}</UniqueIdentifier>
    </Filter>
    <Filter Include="SDK\SDK">
      <UniqueIdentifier>{975959d9-67ca-41ce-bf04-778b8a31872e}</UniqueIdentifier>
    </Filter>
    <Filter Include="Hooks">
      <UniqueIdentifier>{67DA6AB6-F800-4c08-8B7A-83BB121AAD01}</UniqueIdentifier>
      <Extensions>rc;ico;cur;bmp;dlg;rc2;rct;bin;rgs;gif;jpg;jpeg;jpe;resx;tiff;tif;png;wav;mfcribbon-ms</Extensions>
    </Filter>
    <Filter Include="Resources">
      <UniqueIdentifier>{ab7c2553-f775-4f1e-9cad-344ebba39ed9}</UniqueIdentifier>
    </Filter>
    <Filter Include="Resources\Phoebe">
      <UniqueIdentifier>{8ff22552-1529-4c8b-96f5-9c1f99820cea}</UniqueIdentifier>
    </Filter>
  </ItemGroup>
  <ItemGroup>
    <ClInclude Include="framework.h">
      <Filter>Header Files</Filter>
    </ClInclude>
    <ClInclude Include="SDK\PropertyFixup.hpp">
      <Filter>SDK</Filter>
    </ClInclude>
    <ClInclude Include="SDK\SDK.hpp">
      <Filter>SDK</Filter>
    </ClInclude>
    <ClInclude Include="SDK\UnrealContainers.hpp">
      <Filter>SDK</Filter>
    </ClInclude>
    <ClInclude Include="SDK\UtfN.hpp">
      <Filter>SDK</Filter>
    </ClInclude>
    <ClInclude Include="SDK\SDK\AIModule_classes.hpp">
      <Filter>SDK\SDK</Filter>
    </ClInclude>
    <ClInclude Include="SDK\SDK\AIModule_parameters.hpp">
      <Filter>SDK\SDK</Filter>
    </ClInclude>
    <ClInclude Include="SDK\SDK\AIModule_structs.hpp">
      <Filter>SDK\SDK</Filter>
    </ClInclude>
    <ClInclude Include="SDK\SDK\FortniteGame_classes.hpp">
      <Filter>SDK\SDK</Filter>
    </ClInclude>
    <ClInclude Include="SDK\SDK\FortniteGame_parameters.hpp">
      <Filter>SDK\SDK</Filter>
    </ClInclude>
    <ClInclude Include="SDK\SDK\FortniteGame_structs.hpp">
      <Filter>SDK\SDK</Filter>
    </ClInclude>
    <ClInclude Include="Globals.h">
      <Filter>Header Files</Filter>
    </ClInclude>
    <ClInclude Include="GameMode.h">
      <Filter>Hooks</Filter>
    </ClInclude>
    <ClInclude Include="Net.h">
      <Filter>Hooks</Filter>
    </ClInclude>
    <ClInclude Include="Controller.h">
      <Filter>Hooks</Filter>
    </ClInclude>
    <ClInclude Include="SDK\SDK\CoreUObject_structs.hpp">
      <Filter>SDK\SDK</Filter>
    </ClInclude>
    <ClInclude Include="AbilitySystemComponent.h">
      <Filter>Hooks</Filter>
    </ClInclude>
    <ClInclude Include="Pawn.h">
      <Filter>Hooks</Filter>
    </ClInclude>
    <ClInclude Include="SDK\SDK\CoreUObject_classes.hpp">
      <Filter>SDK\SDK</Filter>
    </ClInclude>
    <ClInclude Include="AIController.h">
      <Filter>Hooks</Filter>
    </ClInclude>
    <ClInclude Include="PlayerBots.h">
      <Filter>Header Files</Filter>
    </ClInclude>
    <ClInclude Include="Vehicles.h">
      <Filter>Header Files</Filter>
    </ClInclude>
    <ClInclude Include="PE.h">
      <Filter>Hooks</Filter>
    </ClInclude>
    <ClInclude Include="FortInventory.h">
      <Filter>Header Files</Filter>
    </ClInclude>
    <ClInclude Include="NetDriver.h">
      <Filter>Hooks</Filter>
    </ClInclude>
    <ClInclude Include="Misc.h">
      <Filter>Hooks</Filter>
    </ClInclude>
    <ClInclude Include="FortWeapon.h">
      <Filter>Hooks</Filter>
    </ClInclude>
    <ClInclude Include="BuildingActor.h">
      <Filter>Hooks</Filter>
    </ClInclude>
    <ClInclude Include="ServerBotManager.h">
      <Filter>Hooks</Filter>
    </ClInclude>
    <ClInclude Include="Bots.h">
      <Filter>Header Files</Filter>
    </ClInclude>
    <ClInclude Include="BotNames.h">
      <Filter>Resources\Phoebe</Filter>
    </ClInclude>
    <ClInclude Include="Looting.h">
      <Filter>Header Files</Filter>
    </ClInclude>
    <ClInclude Include="BuildingContainer.h">
      <Filter>Hooks</Filter>
    </ClInclude>
    <ClInclude Include="FortPickup.h">
      <Filter>Hooks</Filter>
    </ClInclude>
    <ClInclude Include="QuestManager.h">
      <Filter>Hooks</Filter>
    </ClInclude>
  </ItemGroup>
  <ItemGroup>
    <ClCompile Include="dllmain.cpp">
      <Filter>Source Files</Filter>
    </ClCompile>
    <ClCompile Include="SDK\SDK\AIModule_functions.cpp">
      <Filter>SDK\SDK</Filter>
    </ClCompile>
    <ClCompile Include="SDK\SDK\Basic.cpp">
      <Filter>SDK\SDK</Filter>
    </ClCompile>
    <ClCompile Include="SDK\SDK\CoreUObject_functions.cpp">
      <Filter>SDK\SDK</Filter>
    </ClCompile>
    <ClCompile Include="SDK\SDK\Engine_functions.cpp">
      <Filter>SDK\SDK</Filter>
    </ClCompile>
    <ClCompile Include="SDK\SDK\GameplayAbilities_functions.cpp">
      <Filter>SDK\SDK</Filter>
    </ClCompile>
    <ClCompile Include="SDK\SDK\FortniteGame_functions.cpp">
      <Filter>SDK\SDK</Filter>
    </ClCompile>
  </ItemGroup>
  <ItemGroup>
    <None Include="SDK\NameCollisions.inl">
      <Filter>SDK</Filter>
    </None>
  </ItemGroup>
</Project>